
Microsoft Visual Studio Solution File, Format Version 12.00
# Visual Studio Version 16
VisualStudioVersion = 16.0.29215.179
MinimumVisualStudioVersion = 10.0.40219.1
Project("{FAE04EC0-301F-11D3-BF4B-00C04F79EFBC}") = "ComponentCounterTDD", "ComponentCounterTDD\ComponentCounterTDD.csproj", "{3580B713-F6CE-4BB0-B26A-1CD31ECAD644}"
EndProject
Global
	GlobalSection(SolutionConfigurationPlatforms) = preSolution
		Debug|Any CPU = Debug|Any CPU
		Release|Any CPU = Release|Any CPU
	EndGlobalSection
	GlobalSection(ProjectConfigurationPlatforms) = postSolution
		{3580B713-F6CE-4BB0-B26A-1CD31ECAD644}.Debug|Any CPU.ActiveCfg = Debug|Any CPU
		{3580B713-F6CE-4BB0-B26A-1CD31ECAD644}.Debug|Any CPU.Build.0 = Debug|Any CPU
		{3580B713-F6CE-4BB0-B26A-1CD31ECAD644}.Release|Any CPU.ActiveCfg = Release|Any CPU
		{3580B713-F6CE-4BB0-B26A-1CD31ECAD644}.Release|Any CPU.Build.0 = Release|Any CPU
	EndGlobalSection
	GlobalSection(SolutionProperties) = preSolution
		HideSolutionNode = FALSE
	EndGlobalSection
	GlobalSection(ExtensibilityGlobals) = postSolution
		SolutionGuid = {4725ECE5-7CBC-4050-9D68-C52D2CEC6504}
	EndGlobalSection
EndGlobal
